{
  "nodes": {
    "crane": {
      "locked": {
        "lastModified": 1772080396,
        "narHash": "sha256-84W9UNtSk9DNMh43WBkOjpkbfODlmg+RDi854PnNgLE=",
        "owner": "ipetkov",
        "repo": "crane",
        "rev": "8525580bc0316c39dbfa18bd09a1331e98c9e463",
        "type": "github"
      },
      "original": {
        "owner": "ipetkov",
        "repo": "crane",
        "type": "github"
      }
    },
    "crane_2": {
      "locked": {
        "lastModified": 1777335812,
        "narHash": "sha256-bEg5xoAxAwsyfnGhkEX7RJViTIBIYPd8ISg4O1c0HFc=",
        "owner": "ipetkov",
        "repo": "crane",
        "rev": "5e0fb2f64edff2822249f21293b8304dedaaf676",
        "type": "github"
      },
      "original": {
        "owner": "ipetkov",
        "repo": "crane",
        "type": "github"
      }
    },
    "crane_3": {
      "locked": {
        "lastModified": 1772080396,
        "narHash": "sha256-84W9UNtSk9DNMh43WBkOjpkbfODlmg+RDi854PnNgLE=",
        "owner": "ipetkov",
        "repo": "crane",
        "rev": "8525580bc0316c39dbfa18bd09a1331e98c9e463",
        "type": "github"
      },
      "original": {
        "owner": "ipetkov",
        "repo": "crane",
        "type": "github"
      }
    },
    "crane_4": {
      "locked": {
        "lastModified": 1777335812,
        "narHash": "sha256-bEg5xoAxAwsyfnGhkEX7RJViTIBIYPd8ISg4O1c0HFc=",
        "owner": "ipetkov",
        "repo": "crane",
        "rev": "5e0fb2f64edff2822249f21293b8304dedaaf676",
        "type": "github"
      },
      "original": {
        "owner": "ipetkov",
        "repo": "crane",
        "type": "github"
      }
    },
    "crane_5": {
      "locked": {
        "lastModified": 1772080396,
        "narHash": "sha256-84W9UNtSk9DNMh43WBkOjpkbfODlmg+RDi854PnNgLE=",
        "owner": "ipetkov",
        "repo": "crane",
        "rev": "8525580bc0316c39dbfa18bd09a1331e98c9e463",
        "type": "github"
      },
      "original": {
        "owner": "ipetkov",
        "repo": "crane",
        "type": "github"
      }
    },
    "dns-manager": {
      "inputs": {
        "crane": [
          "dns-manager",
          "rs-harbor",
          "crane"
        ],
        "flake-utils": [
          "dns-manager",
          "rs-harbor",
          "flake-utils"
        ],
        "git-hooks": "git-hooks",
        "nix-manager-core": "nix-manager-core",
        "nixpkgs": [
          "nixpkgs"
        ],
        "plinth": "plinth",
        "rs-harbor": "rs-harbor",
        "rust-overlay": [
          "dns-manager",
          "rs-harbor",
          "rust-overlay"
        ],
        "treefmt-nix": [
          "treefmt-nix"
        ]
      },
      "locked": {
        "lastModified": 1781166117,
        "narHash": "sha256-puNBjDTEUmxeY0PtG+E74yQZvOv4GNM8mBtZXuXrUEA=",
        "ref": "refs/heads/main",
        "rev": "c4abb508275cb1f105363953047bf22f015c0292",
        "revCount": 4,
        "type": "git",
        "url": "ssh://git@codeberg.org/caniko/dns-manager.git"
      },
      "original": {
        "type": "git",
        "url": "ssh://git@codeberg.org/caniko/dns-manager.git"
      }
    },
    "flake-compat": {
      "flake": false,
      "locked": {
        "lastModified": 1767039857,
        "narHash": "sha256-vNpUSpF5Nuw8xvDLj2KCwwksIbjua2LZCqhV1LNRDns=",
        "owner": "NixOS",
        "repo": "flake-compat",
        "rev": "5edf11c44bc78a0d334f6334cdaf7d60d732daab",
        "type": "github"
      },
      "original": {
        "owner": "NixOS",
        "repo": "flake-compat",
        "type": "github"
      }
    },
    "flake-compat_2": {
      "flake": false,
      "locked": {
        "lastModified": 1767039857,
        "narHash": "sha256-vNpUSpF5Nuw8xvDLj2KCwwksIbjua2LZCqhV1LNRDns=",
        "owner": "NixOS",
        "repo": "flake-compat",
        "rev": "5edf11c44bc78a0d334f6334cdaf7d60d732daab",
        "type": "github"
      },
      "original": {
        "owner": "NixOS",
        "repo": "flake-compat",
        "type": "github"
      }
    },
    "flake-parts": {
      "inputs": {
        "nixpkgs-lib": "nixpkgs-lib"
      },
      "locked": {
        "lastModified": 1778716662,
        "narHash": "sha256-m1Yf0wZ8j1OHjTc2UwHwyQRSnNeSgLJOd7q5Y45hzi4=",
        "owner": "hercules-ci",
        "repo": "flake-parts",
        "rev": "f7c1a2d347e4c52d5fb8d10cb4d94b5884e546fb",
        "type": "github"
      },
      "original": {
        "owner": "hercules-ci",
        "repo": "flake-parts",
        "type": "github"
      }
    },
    "flake-utils": {
      "inputs": {
        "systems": "systems"
      },
      "locked": {
        "lastModified": 1731533236,
        "narHash": "sha256-l0KFg5HjrsfsO/JpG+r7fRrqm12kzFHyUHqHCVpMMbI=",
        "owner": "numtide",
        "repo": "flake-utils",
        "rev": "11707dc2f618dd54ca8739b309ec4fc024de578b",
        "type": "github"
      },
      "original": {
        "owner": "numtide",
        "repo": "flake-utils",
        "type": "github"
      }
    },
    "flake-utils_2": {
      "inputs": {
        "systems": "systems_2"
      },
      "locked": {
        "lastModified": 1731533236,
        "narHash": "sha256-l0KFg5HjrsfsO/JpG+r7fRrqm12kzFHyUHqHCVpMMbI=",
        "owner": "numtide",
        "repo": "flake-utils",
        "rev": "11707dc2f618dd54ca8739b309ec4fc024de578b",
        "type": "github"
      },
      "original": {
        "owner": "numtide",
        "repo": "flake-utils",
        "type": "github"
      }
    },
    "flake-utils_3": {
      "inputs": {
        "systems": "systems_3"
      },
      "locked": {
        "lastModified": 1731533236,
        "narHash": "sha256-l0KFg5HjrsfsO/JpG+r7fRrqm12kzFHyUHqHCVpMMbI=",
        "owner": "numtide",
        "repo": "flake-utils",
        "rev": "11707dc2f618dd54ca8739b309ec4fc024de578b",
        "type": "github"
      },
      "original": {
        "owner": "numtide",
        "repo": "flake-utils",
        "type": "github"
      }
    },
    "flake-utils_4": {
      "inputs": {
        "systems": "systems_4"
      },
      "locked": {
        "lastModified": 1731533236,
        "narHash": "sha256-l0KFg5HjrsfsO/JpG+r7fRrqm12kzFHyUHqHCVpMMbI=",
        "owner": "numtide",
        "repo": "flake-utils",
        "rev": "11707dc2f618dd54ca8739b309ec4fc024de578b",
        "type": "github"
      },
      "original": {
        "owner": "numtide",
        "repo": "flake-utils",
        "type": "github"
      }
    },
    "flake-utils_5": {
      "inputs": {
        "systems": "systems_5"
      },
      "locked": {
        "lastModified": 1731533236,
        "narHash": "sha256-l0KFg5HjrsfsO/JpG+r7fRrqm12kzFHyUHqHCVpMMbI=",
        "owner": "numtide",
        "repo": "flake-utils",
        "rev": "11707dc2f618dd54ca8739b309ec4fc024de578b",
        "type": "github"
      },
      "original": {
        "owner": "numtide",
        "repo": "flake-utils",
        "type": "github"
      }
    },
    "flake-utils_6": {
      "inputs": {
        "systems": "systems_6"
      },
      "locked": {
        "lastModified": 1731533236,
        "narHash": "sha256-l0KFg5HjrsfsO/JpG+r7fRrqm12kzFHyUHqHCVpMMbI=",
        "owner": "numtide",
        "repo": "flake-utils",
        "rev": "11707dc2f618dd54ca8739b309ec4fc024de578b",
        "type": "github"
      },
      "original": {
        "owner": "numtide",
        "repo": "flake-utils",
        "type": "github"
      }
    },
    "git-hooks": {
      "inputs": {
        "flake-compat": "flake-compat",
        "gitignore": "gitignore",
        "nixpkgs": [
          "dns-manager",
          "nixpkgs"
        ]
      },
      "locked": {
        "lastModified": 1778507602,
        "narHash": "sha256-kTwur1wV+01SdqskVMSo6JMEpg71ps3HpbFY2GsflKs=",
        "owner": "cachix",
        "repo": "git-hooks.nix",
        "rev": "61ab0e80d9c7ab14c256b5b453d8b3fb0189ba0a",
        "type": "github"
      },
      "original": {
        "owner": "cachix",
        "repo": "git-hooks.nix",
        "type": "github"
      }
    },
    "git-hooks_2": {
      "inputs": {
        "flake-compat": "flake-compat_2",
        "gitignore": "gitignore_2",
        "nixpkgs": [
          "nixpkgs"
        ]
      },
      "locked": {
        "lastModified": 1778507602,
        "narHash": "sha256-kTwur1wV+01SdqskVMSo6JMEpg71ps3HpbFY2GsflKs=",
        "owner": "cachix",
        "repo": "git-hooks.nix",
        "rev": "61ab0e80d9c7ab14c256b5b453d8b3fb0189ba0a",
        "type": "github"
      },
      "original": {
        "owner": "cachix",
        "repo": "git-hooks.nix",
        "type": "github"
      }
    },
    "gitignore": {
      "inputs": {
        "nixpkgs": [
          "dns-manager",
          "git-hooks",
          "nixpkgs"
        ]
      },
      "locked": {
        "lastModified": 1709087332,
        "narHash": "sha256-HG2cCnktfHsKV0s4XW83gU3F57gaTljL9KNSuG6bnQs=",
        "owner": "hercules-ci",
        "repo": "gitignore.nix",
        "rev": "637db329424fd7e46cf4185293b9cc8c88c95394",
        "type": "github"
      },
      "original": {
        "owner": "hercules-ci",
        "repo": "gitignore.nix",
        "type": "github"
      }
    },
    "gitignore_2": {
      "inputs": {
        "nixpkgs": [
          "git-hooks",
          "nixpkgs"
        ]
      },
      "locked": {
        "lastModified": 1709087332,
        "narHash": "sha256-HG2cCnktfHsKV0s4XW83gU3F57gaTljL9KNSuG6bnQs=",
        "owner": "hercules-ci",
        "repo": "gitignore.nix",
        "rev": "637db329424fd7e46cf4185293b9cc8c88c95394",
        "type": "github"
      },
      "original": {
        "owner": "hercules-ci",
        "repo": "gitignore.nix",
        "type": "github"
      }
    },
    "goose": {
      "inputs": {
        "flake-utils": "flake-utils_3",
        "nixpkgs": [
          "nixpkgs"
        ],
        "rust-overlay": "rust-overlay_3"
      },
      "locked": {
        "lastModified": 1780133732,
        "narHash": "sha256-wCcFN7OM56okgfpH6vWfYhCod9kgLqmEV+E4gYyQ+DQ=",
        "owner": "caniko",
        "repo": "goose",
        "rev": "d860965bcf1d80fd8471fcd12127807730a8c0e0",
        "type": "github"
      },
      "original": {
        "owner": "caniko",
        "ref": "nix/flake-integration",
        "repo": "goose",
        "type": "github"
      }
    },
    "home-manager": {
      "inputs": {
        "nixpkgs": [
          "nixpkgs"
        ]
      },
      "locked": {
        "lastModified": 1781186737,
        "narHash": "sha256-mwd5aBkUPEdo/mhuJEiNdEmsqX7EOxm7QcQnvNqJqME=",
        "owner": "nix-community",
        "repo": "home-manager",
        "rev": "bb68a1a2e773050d64b18f5b23811c8f212c46c8",
        "type": "github"
      },
      "original": {
        "owner": "nix-community",
        "repo": "home-manager",
        "type": "github"
      }
    },
    "nix-manager-core": {
      "inputs": {
        "crane": [
          "dns-manager",
          "crane"
        ],
        "flake-utils": [
          "dns-manager",
          "flake-utils"
        ],
        "git-hooks": [
          "dns-manager",
          "git-hooks"
        ],
        "nixpkgs": [
          "dns-manager",
          "nixpkgs"
        ],
        "rs-harbor": [
          "dns-manager",
          "rs-harbor"
        ],
        "rust-overlay": [
          "dns-manager",
          "rust-overlay"
        ],
        "treefmt-nix": [
          "dns-manager",
          "treefmt-nix"
        ]
      },
      "locked": {
        "lastModified": 1781080972,
        "narHash": "sha256-2ed02JwgDlyD1MBSq/ysXkDCtqICkSLkJCf5Q7KJG4o=",
        "ref": "refs/heads/main",
        "rev": "ece4b6b5c1fadc5c4af489b3bab258f92837f126",
        "revCount": 5,
        "type": "git",
        "url": "https://codeberg.org/caniko/nix-manager-core"
      },
      "original": {
        "type": "git",
        "url": "https://codeberg.org/caniko/nix-manager-core"
      }
    },
    "nix-manager-core_2": {
      "inputs": {
        "crane": [
          "secret-manager",
          "crane"
        ],
        "flake-utils": [
          "secret-manager",
          "flake-utils"
        ],
        "git-hooks": [
          "secret-manager",
          "git-hooks"
        ],
        "nixpkgs": [
          "secret-manager",
          "nixpkgs"
        ],
        "rs-harbor": [
          "secret-manager",
          "rs-harbor"
        ],
        "rust-overlay": [
          "secret-manager",
          "rust-overlay"
        ],
        "treefmt-nix": [
          "secret-manager",
          "treefmt-nix"
        ]
      },
      "locked": {
        "lastModified": 1781158702,
        "narHash": "sha256-jpaSu3OjSf96nuzBP1uNrHFxIFi21HkojsQPB/5MFMk=",
        "ref": "refs/heads/main",
        "rev": "08875765c76fd075349ab19cbbbe748f079ba479",
        "revCount": 11,
        "type": "git",
        "url": "https://codeberg.org/caniko/nix-manager-core"
      },
      "original": {
        "type": "git",
        "url": "https://codeberg.org/caniko/nix-manager-core"
      }
    },
    "nixpkgs": {
      "locked": {
        "lastModified": 1777395829,
        "narHash": "sha256-HposVFZcsBCevgqLR73w/BpSe8J1lMgw5kASnnxO3A4=",
        "owner": "NixOS",
        "repo": "nixpkgs",
        "rev": "e75f25705c2934955ee5075e62530d74aca973c6",
        "type": "github"
      },
      "original": {
        "owner": "NixOS",
        "ref": "nixpkgs-unstable",
        "repo": "nixpkgs",
        "type": "github"
      }
    },
    "nixpkgs-lib": {
      "locked": {
        "lastModified": 1777168982,
        "narHash": "sha256-GOkGPcboWE9BmGCRMLX3worL4EMnsnG8MyKmXNeYuhQ=",
        "owner": "nix-community",
        "repo": "nixpkgs.lib",
        "rev": "f5901329dade4a6ea039af1433fb087bd9c1fe14",
        "type": "github"
      },
      "original": {
        "owner": "nix-community",
        "repo": "nixpkgs.lib",
        "type": "github"
      }
    },
    "nixpkgs_2": {
      "locked": {
        "lastModified": 1780749050,
        "narHash": "sha256-3av0pIjlOWQ6rDbNOmpUSvbNnJkGORQKKjb4LtCZsIY=",
        "owner": "NixOS",
        "repo": "nixpkgs",
        "rev": "a799d3e3886da994fa307f817a6bc705ae538eeb",
        "type": "github"
      },
      "original": {
        "owner": "NixOS",
        "ref": "nixos-unstable",
        "repo": "nixpkgs",
        "type": "github"
      }
    },
    "nixpkgs_3": {
      "locked": {
        "lastModified": 1777395829,
        "narHash": "sha256-HposVFZcsBCevgqLR73w/BpSe8J1lMgw5kASnnxO3A4=",
        "owner": "NixOS",
        "repo": "nixpkgs",
        "rev": "e75f25705c2934955ee5075e62530d74aca973c6",
        "type": "github"
      },
      "original": {
        "owner": "NixOS",
        "ref": "nixpkgs-unstable",
        "repo": "nixpkgs",
        "type": "github"
      }
    },
    "nixpkgs_4": {
      "locked": {
        "lastModified": 1770107345,
        "narHash": "sha256-tbS0Ebx2PiA1FRW8mt8oejR0qMXmziJmPaU1d4kYY9g=",
        "owner": "nixos",
        "repo": "nixpkgs",
        "rev": "4533d9293756b63904b7238acb84ac8fe4c8c2c4",
        "type": "github"
      },
      "original": {
        "owner": "nixos",
        "ref": "nixpkgs-unstable",
        "repo": "nixpkgs",
        "type": "github"
      }
    },
    "osxcross": {
      "inputs": {
        "flake-utils": "flake-utils_2",
        "nixpkgs": [
          "dns-manager",
          "rs-harbor",
          "nixpkgs"
        ]
      },
      "locked": {
        "lastModified": 1777536753,
        "narHash": "sha256-0lLJir4zYlQ+00hMGhhSs8VbBV8oHtHOZd2OIwv7NEA=",
        "owner": "caniko",
        "repo": "osxcross",
        "rev": "25e6c510f1530d2b430da35ea6d4fda460cb5569",
        "type": "github"
      },
      "original": {
        "owner": "caniko",
        "ref": "flake",
        "repo": "osxcross",
        "type": "github"
      }
    },
    "osxcross_2": {
      "inputs": {
        "flake-utils": "flake-utils_6",
        "nixpkgs": [
          "secret-manager",
          "rs-harbor",
          "nixpkgs"
        ]
      },
      "locked": {
        "lastModified": 1780425807,
        "narHash": "sha256-vPrpqec/uHpOu0u4P+XdL70MWaHyn4zh8IfpCmp1yIs=",
        "owner": "caniko",
        "repo": "osxcross",
        "rev": "246fc035534167fadba187a602bc4a40990974dc",
        "type": "github"
      },
      "original": {
        "owner": "caniko",
        "ref": "flake",
        "repo": "osxcross",
        "type": "github"
      }
    },
    "plinth": {
      "inputs": {
        "crane": "crane",
        "flake-utils": [
          "dns-manager",
          "flake-utils"
        ],
        "nixpkgs": [
          "dns-manager",
          "nixpkgs"
        ],
        "rust-overlay": "rust-overlay"
      },
      "locked": {
        "lastModified": 1780921919,
        "narHash": "sha256-qWNGqKWmGecXS7PaDHS3TS++XX3IdWnf4HRscDYfD0E=",
        "ref": "refs/heads/trunk",
        "rev": "8c4855f9ee40543277b15d1dbf0298f0a90c34d7",
        "revCount": 43,
        "type": "git",
        "url": "https://codeberg.org/caniko/plinth.git"
      },
      "original": {
        "ref": "refs/heads/trunk",
        "type": "git",
        "url": "https://codeberg.org/caniko/plinth.git"
      }
    },
    "plinth_2": {
      "inputs": {
        "crane": "crane_3",
        "flake-utils": "flake-utils_4",
        "nixpkgs": [
          "nixpkgs"
        ],
        "rust-overlay": "rust-overlay_4"
      },
      "locked": {
        "lastModified": 1781633012,
        "narHash": "sha256-l6BXnn8IAa+NbgYgT8YT422jc7dCDU3P1DDX412jpJE=",
        "ref": "refs/heads/trunk",
        "rev": "bdd48d3f71d6da16bd6ee75fd3cbfcc326a5c3fb",
        "revCount": 65,
        "type": "git",
        "url": "https://codeberg.org/caniko/plinth.git"
      },
      "original": {
        "ref": "refs/heads/trunk",
        "type": "git",
        "url": "https://codeberg.org/caniko/plinth.git"
      }
    },
    "plinth_3": {
      "inputs": {
        "crane": "crane_5",
        "flake-utils": [
          "secret-manager",
          "rs-harbor",
          "flake-utils"
        ],
        "nixpkgs": [
          "secret-manager",
          "rs-harbor",
          "nixpkgs"
        ],
        "rust-overlay": "rust-overlay_5"
      },
      "locked": {
        "lastModified": 1780921919,
        "narHash": "sha256-qWNGqKWmGecXS7PaDHS3TS++XX3IdWnf4HRscDYfD0E=",
        "ref": "refs/heads/trunk",
        "rev": "8c4855f9ee40543277b15d1dbf0298f0a90c34d7",
        "revCount": 43,
        "type": "git",
        "url": "https://codeberg.org/caniko/plinth.git"
      },
      "original": {
        "ref": "refs/heads/trunk",
        "type": "git",
        "url": "https://codeberg.org/caniko/plinth.git"
      }
    },
    "root": {
      "inputs": {
        "dns-manager": "dns-manager",
        "flake-parts": "flake-parts",
        "git-hooks": "git-hooks_2",
        "goose": "goose",
        "home-manager": "home-manager",
        "nixpkgs": "nixpkgs_2",
        "plinth": "plinth_2",
        "secret-manager": "secret-manager",
        "treefmt-nix": "treefmt-nix",
        "wrapper-manager": "wrapper-manager"
      }
    },
    "rs-harbor": {
      "inputs": {
        "crane": "crane_2",
        "flake-utils": "flake-utils",
        "nixpkgs": "nixpkgs",
        "osxcross": "osxcross",
        "rust-overlay": "rust-overlay_2"
      },
      "locked": {
        "lastModified": 1780175438,
        "narHash": "sha256-77uGCG1sT3RemjjA4D7ouaZdZzqKKAQ5+d14Tn/1Wpo=",
        "ref": "refs/heads/main",
        "rev": "40778cadb83c5694715207857f65f7805c853730",
        "revCount": 49,
        "type": "git",
        "url": "https://codeberg.org/caniko/rs-harbor"
      },
      "original": {
        "type": "git",
        "url": "https://codeberg.org/caniko/rs-harbor"
      }
    },
    "rs-harbor_2": {
      "inputs": {
        "crane": "crane_4",
        "flake-utils": "flake-utils_5",
        "nixpkgs": "nixpkgs_3",
        "osxcross": "osxcross_2",
        "plinth": "plinth_3",
        "rust-overlay": "rust-overlay_6"
      },
      "locked": {
        "lastModified": 1780988052,
        "narHash": "sha256-a3PMIglYVGs6Gi/l0FI+25YJlt+oMj7H00ckeSNYTbk=",
        "ref": "refs/heads/main",
        "rev": "65c01480bcd63cfab9e5bbf6e3e0d6e3be036209",
        "revCount": 57,
        "type": "git",
        "url": "https://codeberg.org/caniko/rs-harbor"
      },
      "original": {
        "type": "git",
        "url": "https://codeberg.org/caniko/rs-harbor"
      }
    },
    "rust-overlay": {
      "inputs": {
        "nixpkgs": [
          "dns-manager",
          "plinth",
          "nixpkgs"
        ]
      },
      "locked": {
        "lastModified": 1772247314,
        "narHash": "sha256-x6IFQ9bL7YYfW2m2z8D3Em2YtAA3HE8kiCFwai2fwrw=",
        "owner": "oxalica",
        "repo": "rust-overlay",
        "rev": "a1ab5e89ab12e1a37c0b264af6386a7472d68a15",
        "type": "github"
      },
      "original": {
        "owner": "oxalica",
        "repo": "rust-overlay",
        "type": "github"
      }
    },
    "rust-overlay_2": {
      "inputs": {
        "nixpkgs": [
          "dns-manager",
          "rs-harbor",
          "nixpkgs"
        ]
      },
      "locked": {
        "lastModified": 1777519017,
        "narHash": "sha256-TXilQ8MwFFtZs7HSogSI/LJzAS63nicE8iF63iB93WM=",
        "owner": "oxalica",
        "repo": "rust-overlay",
        "rev": "09b556f18dacc39e97a46e0a1cba47af7b3af1d8",
        "type": "github"
      },
      "original": {
        "owner": "oxalica",
        "repo": "rust-overlay",
        "type": "github"
      }
    },
    "rust-overlay_3": {
      "inputs": {
        "nixpkgs": [
          "goose",
          "nixpkgs"
        ]
      },
      "locked": {
        "lastModified": 1768445213,
        "narHash": "sha256-y0BglISgDr61vvdb35m0O4npuqh1pojlBNDILo9j8AI=",
        "owner": "oxalica",
        "repo": "rust-overlay",
        "rev": "1cd63408e71cc0e6a89ff2cb7c4107214e2523cc",
        "type": "github"
      },
      "original": {
        "owner": "oxalica",
        "repo": "rust-overlay",
        "type": "github"
      }
    },
    "rust-overlay_4": {
      "inputs": {
        "nixpkgs": [
          "plinth",
          "nixpkgs"
        ]
      },
      "locked": {
        "lastModified": 1772247314,
        "narHash": "sha256-x6IFQ9bL7YYfW2m2z8D3Em2YtAA3HE8kiCFwai2fwrw=",
        "owner": "oxalica",
        "repo": "rust-overlay",
        "rev": "a1ab5e89ab12e1a37c0b264af6386a7472d68a15",
        "type": "github"
      },
      "original": {
        "owner": "oxalica",
        "repo": "rust-overlay",
        "type": "github"
      }
    },
    "rust-overlay_5": {
      "inputs": {
        "nixpkgs": [
          "secret-manager",
          "rs-harbor",
          "plinth",
          "nixpkgs"
        ]
      },
      "locked": {
        "lastModified": 1772247314,
        "narHash": "sha256-x6IFQ9bL7YYfW2m2z8D3Em2YtAA3HE8kiCFwai2fwrw=",
        "owner": "oxalica",
        "repo": "rust-overlay",
        "rev": "a1ab5e89ab12e1a37c0b264af6386a7472d68a15",
        "type": "github"
      },
      "original": {
        "owner": "oxalica",
        "repo": "rust-overlay",
        "type": "github"
      }
    },
    "rust-overlay_6": {
      "inputs": {
        "nixpkgs": [
          "secret-manager",
          "rs-harbor",
          "nixpkgs"
        ]
      },
      "locked": {
        "lastModified": 1777519017,
        "narHash": "sha256-TXilQ8MwFFtZs7HSogSI/LJzAS63nicE8iF63iB93WM=",
        "owner": "oxalica",
        "repo": "rust-overlay",
        "rev": "09b556f18dacc39e97a46e0a1cba47af7b3af1d8",
        "type": "github"
      },
      "original": {
        "owner": "oxalica",
        "repo": "rust-overlay",
        "type": "github"
      }
    },
    "secret-manager": {
      "inputs": {
        "crane": [
          "secret-manager",
          "rs-harbor",
          "crane"
        ],
        "flake-utils": [
          "secret-manager",
          "rs-harbor",
          "flake-utils"
        ],
        "git-hooks": [
          "git-hooks"
        ],
        "nix-manager-core": "nix-manager-core_2",
        "nixpkgs": [
          "nixpkgs"
        ],
        "rs-harbor": "rs-harbor_2",
        "rust-overlay": [
          "secret-manager",
          "rs-harbor",
          "rust-overlay"
        ],
        "treefmt-nix": [
          "treefmt-nix"
        ]
      },
      "locked": {
        "lastModified": 1781162909,
        "narHash": "sha256-E9hueDDj5jRrth/Uh5MK4QQIiLv5Io3CROaOMU/mb8c=",
        "ref": "refs/heads/trunk",
        "rev": "543c0203ac39ff5558f7039b2736ce65efffa5aa",
        "revCount": 16,
        "type": "git",
        "url": "https://codeberg.org/caniko/secret-manager.git"
      },
      "original": {
        "type": "git",
        "url": "https://codeberg.org/caniko/secret-manager.git"
      }
    },
    "systems": {
      "locked": {
        "lastModified": 1681028828,
        "narHash": "sha256-Vy1rq5AaRuLzOxct8nz4T6wlgyUR7zLU309k9mBC768=",
        "owner": "nix-systems",
        "repo": "default",
        "rev": "da67096a3b9bf56a91d16901293e51ba5b49a27e",
        "type": "github"
      },
      "original": {
        "owner": "nix-systems",
        "repo": "default",
        "type": "github"
      }
    },
    "systems_2": {
      "locked": {
        "lastModified": 1681028828,
        "narHash": "sha256-Vy1rq5AaRuLzOxct8nz4T6wlgyUR7zLU309k9mBC768=",
        "owner": "nix-systems",
        "repo": "default",
        "rev": "da67096a3b9bf56a91d16901293e51ba5b49a27e",
        "type": "github"
      },
      "original": {
        "owner": "nix-systems",
        "repo": "default",
        "type": "github"
      }
    },
    "systems_3": {
      "locked": {
        "lastModified": 1681028828,
        "narHash": "sha256-Vy1rq5AaRuLzOxct8nz4T6wlgyUR7zLU309k9mBC768=",
        "owner": "nix-systems",
        "repo": "default",
        "rev": "da67096a3b9bf56a91d16901293e51ba5b49a27e",
        "type": "github"
      },
      "original": {
        "owner": "nix-systems",
        "repo": "default",
        "type": "github"
      }
    },
    "systems_4": {
      "locked": {
        "lastModified": 1681028828,
        "narHash": "sha256-Vy1rq5AaRuLzOxct8nz4T6wlgyUR7zLU309k9mBC768=",
        "owner": "nix-systems",
        "repo": "default",
        "rev": "da67096a3b9bf56a91d16901293e51ba5b49a27e",
        "type": "github"
      },
      "original": {
        "owner": "nix-systems",
        "repo": "default",
        "type": "github"
      }
    },
    "systems_5": {
      "locked": {
        "lastModified": 1681028828,
        "narHash": "sha256-Vy1rq5AaRuLzOxct8nz4T6wlgyUR7zLU309k9mBC768=",
        "owner": "nix-systems",
        "repo": "default",
        "rev": "da67096a3b9bf56a91d16901293e51ba5b49a27e",
        "type": "github"
      },
      "original": {
        "owner": "nix-systems",
        "repo": "default",
        "type": "github"
      }
    },
    "systems_6": {
      "locked": {
        "lastModified": 1681028828,
        "narHash": "sha256-Vy1rq5AaRuLzOxct8nz4T6wlgyUR7zLU309k9mBC768=",
        "owner": "nix-systems",
        "repo": "default",
        "rev": "da67096a3b9bf56a91d16901293e51ba5b49a27e",
        "type": "github"
      },
      "original": {
        "owner": "nix-systems",
        "repo": "default",
        "type": "github"
      }
    },
    "treefmt-nix": {
      "inputs": {
        "nixpkgs": "nixpkgs_4"
      },
      "locked": {
        "lastModified": 1780220602,
        "narHash": "sha256-eynAfOmbmxJnkp7YewvCEbShNnnYJ9gLLqkzsYtBPeM=",
        "owner": "numtide",
        "repo": "treefmt-nix",
        "rev": "db947814a175b7ca6ded66e21383d938df01c227",
        "type": "github"
      },
      "original": {
        "owner": "numtide",
        "repo": "treefmt-nix",
        "type": "github"
      }
    },
    "wrapper-manager": {
      "locked": {
        "lastModified": 1772780728,
        "narHash": "sha256-fCm4sOeTDf3kBtYMmU4OHsviI/oF8rMbPkUMcQf6lw4=",
        "owner": "viperML",
        "repo": "wrapper-manager",
        "rev": "51ad0422b925d830bf4af36979fed51209f79c0a",
        "type": "github"
      },
      "original": {
        "owner": "viperML",
        "repo": "wrapper-manager",
        "rev": "51ad0422b925d830bf4af36979fed51209f79c0a",
        "type": "github"
      }
    }
  },
  "root": "root",
  "version": 7
}
